github.com/sirsanndy/go-say-hello v1.0.0 h1:H5m/05xeZVYUShxgnVrW69ta2VltEEf8G/NvpBFclPU=
github.com/sirsanndy/go-say-hello v1.0.0/go.mod h1:uLQ59efw3KHhzAdBzMry404I8T1wcDVHPqsSBZKN4/Q=
github.com/sirsanndy/go-say-hello v1.1.0 h1:1/KKb9CaGobrDxC4ob4m2eyXCaC3OEZZv5fnEOnfLfs=
github.com/sirsanndy/go-say-hello v1.1.0/go.mod h1:uLQ59efw3KHhzAdBzMry404I8T1wcDVHPqsSBZKN4/Q=
github.com/sirsanndy/go-say-hello/v2 v2.0.0 h1:iP4kOd3HaHYDAg9uCgnGsN/BOAgyItRisNfYhm+S1qU=
github.com/sirsanndy/go-say-hello/v2 v2.0.0/go.mod h1:buoVouuQNxCA958DRAd6zNb0FlWxlGx495NZThgN3+s=
